
Microsoft Visual Studio Solution File, Format Version 12.00
# Visual Studio 15
VisualStudioVersion = 15.0.28307.572
MinimumVisualStudioVersion = 10.0.40219.1
Project("{FAE04EC0-301F-11D3-BF4B-00C04F79EFBC}") = "ChampionsLeagueTest", "ChampionsLeagueTest\ChampionsLeagueTest.csproj", "{D0E2AA34-F1D0-4E5C-A00A-399A8F276EDD}"
EndProject
Project("{FAE04EC0-301F-11D3-BF4B-00C04F79EFBC}") = "ChampionsLeagueTest.DAL", "ChampionsLeagueTest.DAL\ChampionsLeagueTest.DAL.csproj", "{616E95EC-3365-4339-B4FA-7F3BA5DD7424}"
EndProject
Project("{FAE04EC0-301F-11D3-BF4B-00C04F79EFBC}") = "ChampionsLeagueTest.Core", "ChampionsLeagueTest.Core\ChampionsLeagueTest.Core.csproj", "{C8E56B03-28FF-4E78-B693-2056BA7487C5}"
EndProject
Global
	GlobalSection(SolutionConfigurationPlatforms) = preSolution
		Debug|Any CPU = Debug|Any CPU
		Release|Any CPU = Release|Any CPU
	EndGlobalSection
	GlobalSection(ProjectConfigurationPlatforms) = postSolution
		{D0E2AA34-F1D0-4E5C-A00A-399A8F276EDD}.Debug|Any CPU.ActiveCfg = Debug|Any CPU
		{D0E2AA34-F1D0-4E5C-A00A-399A8F276EDD}.Debug|Any CPU.Build.0 = Debug|Any CPU
		{D0E2AA34-F1D0-4E5C-A00A-399A8F276EDD}.Release|Any CPU.ActiveCfg = Release|Any CPU
		{D0E2AA34-F1D0-4E5C-A00A-399A8F276EDD}.Release|Any CPU.Build.0 = Release|Any CPU
		{616E95EC-3365-4339-B4FA-7F3BA5DD7424}.Debug|Any CPU.ActiveCfg = Debug|Any CPU
		{616E95EC-3365-4339-B4FA-7F3BA5DD7424}.Debug|Any CPU.Build.0 = Debug|Any CPU
		{616E95EC-3365-4339-B4FA-7F3BA5DD7424}.Release|Any CPU.ActiveCfg = Release|Any CPU
		{616E95EC-3365-4339-B4FA-7F3BA5DD7424}.Release|Any CPU.Build.0 = Release|Any CPU
		{C8E56B03-28FF-4E78-B693-2056BA7487C5}.Debug|Any CPU.ActiveCfg = Debug|Any CPU
		{C8E56B03-28FF-4E78-B693-2056BA7487C5}.Debug|Any CPU.Build.0 = Debug|Any CPU
		{C8E56B03-28FF-4E78-B693-2056BA7487C5}.Release|Any CPU.ActiveCfg = Release|Any CPU
		{C8E56B03-28FF-4E78-B693-2056BA7487C5}.Release|Any CPU.Build.0 = Release|Any CPU
	EndGlobalSection
	GlobalSection(SolutionProperties) = preSolution
		HideSolutionNode = FALSE
	EndGlobalSection
	GlobalSection(ExtensibilityGlobals) = postSolution
		SolutionGuid = {761CCF40-0525-40A1-8BCD-E5DE1FB78000}
	EndGlobalSection
EndGlobal
